
Microsoft Visual Studio Solution File, Format Version 12.00
# Visual Studio Version 16
VisualStudioVersion = 16.0.28922.388
MinimumVisualStudioVersion = 10.0.40219.1
Project("{FAE04EC0-301F-11D3-BF4B-00C04F79EFBC}") = "WebApiTest", "WebApiTest\WebApiTest.csproj", "{AF5DF94B-DDAA-4C78-BB8D-9F3C9386885F}"
EndProject
Global
	GlobalSection(SolutionConfigurationPlatforms) = preSolution
		Debug|Any CPU = Debug|Any CPU
		Release|Any CPU = Release|Any CPU
	EndGlobalSection
	GlobalSection(ProjectConfigurationPlatforms) = postSolution
		{AF5DF94B-DDAA-4C78-BB8D-9F3C9386885F}.Debug|Any CPU.ActiveCfg = Debug|Any CPU
		{AF5DF94B-DDAA-4C78-BB8D-9F3C9386885F}.Debug|Any CPU.Build.0 = Debug|Any CPU
		{AF5DF94B-DDAA-4C78-BB8D-9F3C9386885F}.Release|Any CPU.ActiveCfg = Release|Any CPU
		{AF5DF94B-DDAA-4C78-BB8D-9F3C9386885F}.Release|Any CPU.Build.0 = Release|Any CPU
	EndGlobalSection
	GlobalSection(SolutionProperties) = preSolution
		HideSolutionNode = FALSE
	EndGlobalSection
	GlobalSection(ExtensibilityGlobals) = postSolution
		SolutionGuid = {6099B18C-FCA9-4204-B8AA-D43CFADAB0A7}
	EndGlobalSection
EndGlobal
